{
  "name": "wysiwyg4all",
  "version": "1.0.0",
  "lockfileVersion": 3,
  "requires": true,
  "packages": {
    "": {
      "name": "wysiwyg4all",
      "version": "1.0.0",
      "license": "MIT",
      "dependencies": {
        "basic-node-server": "^1.0.4"
      }
    },
    "node_modules/basic-node-server": {
      "version": "1.0.4",
      "resolved": "https://registry.npmjs.org/basic-node-server/-/basic-node-server-1.0.4.tgz",
      "integrity": "sha512-k5T89GHfq2SdV3T0v0J/s/GbOEfDwqcuDoDgnegqDw6RH7OevCV0/g35JOr+jL041DaC1Mu7kswM1vzPW+xhWg=="
    }
  }
}
